
Microsoft Visual Studio Solution File, Format Version 12.00
# Visual Studio Version 17
VisualStudioVersion = 17.0.32014.148
MinimumVisualStudioVersion = 10.0.40219.1
Project("{FAE04EC0-301F-11D3-BF4B-00C04F79EFBC}") = "WebAppCorona", "WebAppCorona\WebAppCorona.csproj", "{756D6F37-EC81-4E28-A334-712DF0DADD9C}"
EndProject
Global
	GlobalSection(SolutionConfigurationPlatforms) = preSolution
		Debug|Any CPU = Debug|Any CPU
		Release|Any CPU = Release|Any CPU
	EndGlobalSection
	GlobalSection(ProjectConfigurationPlatforms) = postSolution
		{756D6F37-EC81-4E28-A334-712DF0DADD9C}.Debug|Any CPU.ActiveCfg = Debug|Any CPU
		{756D6F37-EC81-4E28-A334-712DF0DADD9C}.Debug|Any CPU.Build.0 = Debug|Any CPU
		{756D6F37-EC81-4E28-A334-712DF0DADD9C}.Release|Any CPU.ActiveCfg = Release|Any CPU
		{756D6F37-EC81-4E28-A334-712DF0DADD9C}.Release|Any CPU.Build.0 = Release|Any CPU
	EndGlobalSection
	GlobalSection(SolutionProperties) = preSolution
		HideSolutionNode = FALSE
	EndGlobalSection
	GlobalSection(ExtensibilityGlobals) = postSolution
		SolutionGuid = {24A46DA2-3226-49C3-8B18-3BDACE55FFDA}
	EndGlobalSection
EndGlobal
