
Microsoft Visual Studio Solution File, Format Version 12.00
# Visual Studio Version 17
VisualStudioVersion = 17.0.32014.148
MinimumVisualStudioVersion = 10.0.40219.1
Project("{FAE04EC0-301F-11D3-BF4B-00C04F79EFBC}") = "CoronaWebApp", "CoronaWebApp\CoronaWebApp.csproj", "{17506D40-801C-4CD6-B2FC-3F2EE2A1CF4A}"
EndProject
Global
	GlobalSection(SolutionConfigurationPlatforms) = preSolution
		Debug|Any CPU = Debug|Any CPU
		Release|Any CPU = Release|Any CPU
	EndGlobalSection
	GlobalSection(ProjectConfigurationPlatforms) = postSolution
		{17506D40-801C-4CD6-B2FC-3F2EE2A1CF4A}.Debug|Any CPU.ActiveCfg = Debug|Any CPU
		{17506D40-801C-4CD6-B2FC-3F2EE2A1CF4A}.Debug|Any CPU.Build.0 = Debug|Any CPU
		{17506D40-801C-4CD6-B2FC-3F2EE2A1CF4A}.Release|Any CPU.ActiveCfg = Release|Any CPU
		{17506D40-801C-4CD6-B2FC-3F2EE2A1CF4A}.Release|Any CPU.Build.0 = Release|Any CPU
	EndGlobalSection
	GlobalSection(SolutionProperties) = preSolution
		HideSolutionNode = FALSE
	EndGlobalSection
	GlobalSection(ExtensibilityGlobals) = postSolution
		SolutionGuid = {0762B6E4-B8A4-474B-9933-14C6575903B2}
	EndGlobalSection
EndGlobal
